{
    "requires": true,
    "lockfileVersion": 1,
    "dependencies": {
        "sass-svg-uri": {
            "version": "1.0.0",
            "resolved": "https://registry.npmjs.org/sass-svg-uri/-/sass-svg-uri-1.0.0.tgz",
            "integrity": "sha1-AemS5OPOjR7E6sTIKAwPLvRca+g="
        }
    }
}
